# This file was autogenerated by Stack.
# You should not edit this file by hand.
# For more information, please see the documentation at:
#   https://docs.haskellstack.org/en/stable/lock_files

packages:
- completed:
    hackage: fgl-visualize-0.1.0.1@sha256:e682066053a6e75478a08fd6822dd0143a3b8ea23244bdb01dd389a266447c5e,995
    pantry-tree:
      size: 224
      sha256: 969d6b60ea298ffb81697dd350e76774a2f876103a147117f832400451ad2cc3
  original:
    hackage: fgl-visualize-0.1.0.1
- completed:
    hackage: graphviz-2999.20.0.3@sha256:cde383c356bc41136ed53cd27e0800f46dbd2185600dd0de18d66d5c49739d94,7677
    pantry-tree:
      size: 4322
      sha256: f7d9f7e161d68a5783d915358c28a95a2b8c94f3e302325fa604b91e8d2295c8
  original:
    hackage: graphviz-2999.20.0.3
- completed:
    hackage: term-rewriting-0.4.0.1@sha256:1864bf86607c7eeb22414e94c44045a4be2877dcecff234eb42fb238f3bcd069,2740
    pantry-tree:
      size: 3012
      sha256: 0cc413b6d72fe901235923807efef09db6233f70da6c94c0c10dac0be2afd6b4
  original:
    hackage: term-rewriting-0.4.0.1
- completed:
    hackage: union-find-array-0.1.0.2@sha256:38c2dfbae3de48d8962f202ec5c4d6323ac767d6838b85e8d340c3608d6c0f21,1406
    pantry-tree:
      size: 482
      sha256: e2f321041a1a777752f31bfe8d3bcf5f68d2d3ead2263560883e9610af719437
  original:
    hackage: union-find-array-0.1.0.2
- completed:
    cabal-file:
      size: 972
      sha256: e20c1a2a73b72437f85901dd2b4b0f6e557520bbe6b99b8fd389daade0bb1ef7
    name: term-rewriting-xml
    version: 0.1.1.1
    git: https://github.com/ComputationWithBoundedResources/term-rewriting-xml
    pantry-tree:
      size: 637
      sha256: 37104541f96bd5e884cf9a7ba1f15580d907699ac550db00ad20883598b043f7
    commit: 0030d67be24e8ba424869d9e3fc9f66c1a8627be
  original:
    git: https://github.com/ComputationWithBoundedResources/term-rewriting-xml
    commit: 0030d67be24e8ba424869d9e3fc9f66c1a8627be
- completed:
    cabal-file:
      size: 3140
      sha256: a97472764092a397ed8f850b4c975216aa383d13508d161dd3e702b8b15496d0
    name: term-rewriting-ext
    version: 0.1.4
    git: https://github.com/ComputationWithBoundedResources/term-rewriting-ext
    pantry-tree:
      size: 4149
      sha256: dabbdcb0d802ee8050be4e5385464d11d8dab06a85a30a904aa980df271e83a2
    commit: 79296ce047501c13bb1e5d8605b8ee6d2e63be7d
  original:
    git: https://github.com/ComputationWithBoundedResources/term-rewriting-ext
    commit: 79296ce047501c13bb1e5d8605b8ee6d2e63be7d
- completed:
    cabal-file:
      size: 1340
      sha256: a1d7a3216bf1309b63527e4965e9528eb6f7376b31c1c352677b55631b94e63c
    name: term-rewriting-applicative
    version: 0.2.1
    git: https://github.com/ComputationWithBoundedResources/term-rewriting-applicative
    pantry-tree:
      size: 732
      sha256: 29a6223f05332a0dbf5ed81753f1b8f1cc8f1da958bb447efbf3b777fbf2a41e
    commit: 945ca308b33a650795d9238c7d779e22641f5509
  original:
    git: https://github.com/ComputationWithBoundedResources/term-rewriting-applicative
    commit: 945ca308b33a650795d9238c7d779e22641f5509
- completed:
    cabal-file:
      size: 2783
      sha256: fc73971be1c43ac4743a142f275b0e1432dc28d996e6f7997a7f40ee9361de00
    name: hoca
    version: '0.5'
    git: https://github.com/ComputationWithBoundedResources/hoca
    pantry-tree:
      size: 7272
      sha256: e76c17c6eb88a16e48db8d8b67a71b1cd3d5b44f123fcebeea3bded25a4012b5
    commit: f4910694dd454f647af8c83741ab49952b827dec
  original:
    git: https://github.com/ComputationWithBoundedResources/hoca
    commit: f4910694dd454f647af8c83741ab49952b827dec
- completed:
    cabal-file:
      size: 6972
      sha256: 485d9ef17a68e7e02ab01bc2b06524a39782a75daf8c4508ddc92c55f0ff6369
    name: ara
    version: 0.1.1.0
    git: https://github.com/ComputationWithBoundedResources/ara-inference
    pantry-tree:
      size: 2102293
      sha256: cab3273cff6e2e4700700eb014466cba2555155ac1b2d5240460aee4d883b08d
    commit: 49a9700fe78d2dce0ff016c35c41dcbeb78cb11b
  original:
    git: https://github.com/ComputationWithBoundedResources/ara-inference
    commit: 49a9700fe78d2dce0ff016c35c41dcbeb78cb11b
- completed:
    cabal-file:
      size: 1128
      sha256: 7531382223943621699edee9f4ca0c2fbe484fca35a2beeb0a0a8fa2e6817925
    name: slogic
    version: '0.3'
    git: https://github.com/ComputationWithBoundedResources/slogic
    pantry-tree:
      size: 1008
      sha256: 8d58967c39902ff7997d6bb4081475a46db71854665f72769e501ac0b1e3c887
    commit: 1cb609cb7fac1cba186969da90157ad7d0caeeac
  original:
    git: https://github.com/ComputationWithBoundedResources/slogic
    commit: 1cb609cb7fac1cba186969da90157ad7d0caeeac
- completed:
    cabal-file:
      size: 1419
      sha256: df8c056c494d5595a5ebe60658f33955bfc0cf2c6bae704c5fc3b140920d6cc2
    name: tct-common
    version: 3.3.0
    git: https://github.com/ComputationWithBoundedResources/tct-common
    pantry-tree:
      size: 787
      sha256: ce9042097d1bd521d48c7c854f6926890d3013a8ffcee1c00016483334ae56e1
    commit: 7dda9e986887cc45b922f7834e324517cc3d6d2f
  original:
    git: https://github.com/ComputationWithBoundedResources/tct-common
    commit: 7dda9e986887cc45b922f7834e324517cc3d6d2f
- completed:
    cabal-file:
      size: 2156
      sha256: 3dfecc7fb0bbb1366afc384605127cd67fc6e116aa63ad5b5c613d4310dc1fe0
    name: tct-core
    version: 3.3.0
    git: https://github.com/ComputationWithBoundedResources/tct-core
    pantry-tree:
      size: 2322
      sha256: 906cad9bd866937dfa34eebe056d1b6cb45b0c7d172f9332e5d48baca9c02b01
    commit: ea34d9af0a3a571f8d013d6d1e663c8f87b7f7e1
  original:
    git: https://github.com/ComputationWithBoundedResources/tct-core
    commit: ea34d9af0a3a571f8d013d6d1e663c8f87b7f7e1
- completed:
    cabal-file:
      size: 4146
      sha256: b366a9f164a3b7e5e4cac401d46a25cddab481fda35cca058929a96fdfe55272
    name: tct-trs
    version: 3.3.0
    git: https://github.com/ComputationWithBoundedResources/tct-trs
    pantry-tree:
      size: 9359
      sha256: 7c26d492df31af94830875bcfe600cdce6f2577a1894d9a17a94af3d137c1719
    commit: f62845c0c105c3fdea9419eb06a51590ef3ccbdf
  original:
    git: https://github.com/ComputationWithBoundedResources/tct-trs
    commit: f62845c0c105c3fdea9419eb06a51590ef3ccbdf
- completed:
    cabal-file:
      size: 1612
      sha256: 1109e10810c5b1c5a8f907ec4cb71b18f46fa2e92a87d7af8b8bf1b0dc3ef33b
    name: tct-hoca
    version: '3.3'
    git: https://github.com/ComputationWithBoundedResources/tct-hoca
    pantry-tree:
      size: 2029
      sha256: d506ee6a0e86ad480602e30989a56a9f1a57a2c77823012ae49c99927d3d96f6
    commit: 69526441ed25bbde392b9cf11073310c4ab25f69
  original:
    git: https://github.com/ComputationWithBoundedResources/tct-hoca
    commit: 69526441ed25bbde392b9cf11073310c4ab25f69
- completed:
    cabal-file:
      size: 2428
      sha256: f13a81f121fd458ad8f8e18dbaccff45e386373462a130c64066db8935f0ef9d
    name: tct-its
    version: 3.3.0
    git: https://github.com/ComputationWithBoundedResources/tct-its
    pantry-tree:
      size: 2865
      sha256: e02d2cb1acbdd4f83252be4b61479a4a2dfc3726194e0f5b9b23e225213d5779
    commit: 19de61bd2470df0fd43a27cc45fd963415d0d385
  original:
    git: https://github.com/ComputationWithBoundedResources/tct-its
    commit: 19de61bd2470df0fd43a27cc45fd963415d0d385
- completed:
    cabal-file:
      size: 1042
      sha256: a9448eb10f715aa310c40bd08f8868d6c4947921de9c450421687706325539dc
    name: lare
    version: 0.1.0.2
    git: https://github.com/ComputationWithBoundedResources/lare
    pantry-tree:
      size: 700
      sha256: a451e2c2495559e948650b37d48af8ec00a4e7d615ad424f9c1fca102e0f5c73
    commit: 02d89b97d57e3a3697727e29786c56564c296fff
  original:
    git: https://github.com/ComputationWithBoundedResources/lare
    commit: 02d89b97d57e3a3697727e29786c56564c296fff
- completed:
    cabal-file:
      size: 1539
      sha256: 746003a09cd983ede110a1715684065aa685d804a5409e3494323c5feba97d08
    name: paicc
    version: 0.2.0.3
    git: https://github.com/ComputationWithBoundedResources/paicc
    pantry-tree:
      size: 688
      sha256: 80a153421eed361755a9a2c8c665cf7996e4e840f0d11cbe3870b1970417e24e
    commit: aca2a54f01d9b7118fecf91be429cae60a51d313
  original:
    git: https://github.com/ComputationWithBoundedResources/paicc
    commit: aca2a54f01d9b7118fecf91be429cae60a51d313
- completed:
    hackage: set-monad-0.3.0.0@sha256:4b6e63bf9aa80b0d64c078ce17aaf12b17f89cba581a98fdaa98efc824f93450,4051
    pantry-tree:
      size: 212
      sha256: 90c8d19ab0e608e0e658e482b45d5758c66971d4f9a944d1a913507e5da94ebf
  original:
    hackage: set-monad-0.3.0.0
- completed:
    cabal-file:
      size: 1994
      sha256: be18589e788f64611e38e9a922a3ea5f812366ace8746e33f8dfb5e6b7c043ae
    name: tct-jbc
    version: 3.3.0
    git: https://github.com/ComputationWithBoundedResources/tct-jbc
    pantry-tree:
      size: 1049
      sha256: 4318b86965d8849d4df384648a95164a867bfb43bb94ea300b49c344a19dd3e9
    commit: 36b44e66ea389ff3653f4d49da6feff67471102c
  original:
    git: https://github.com/ComputationWithBoundedResources/tct-jbc
    commit: 36b44e66ea389ff3653f4d49da6feff67471102c
- completed:
    cabal-file:
      size: 3156
      sha256: 03bda2bca03b5569f204e5b69c4cab902479f61b402271a93de6b16f57a34632
    name: jat
    version: 1.4.0
    git: https://github.com/ComputationWithBoundedResources/jat
    pantry-tree:
      size: 4270
      sha256: f979edb0859260f756d7854122bf0186d2e14e0df2c4c9f82a66b3a54ba2b375
    commit: b73c93375a36eb6ccfd688fb82719dff46a1e514
  original:
    git: https://github.com/ComputationWithBoundedResources/jat
    commit: b73c93375a36eb6ccfd688fb82719dff46a1e514
snapshots:
- completed:
    size: 498167
    url: https://raw.githubusercontent.com/commercialhaskell/stackage-snapshots/master/lts/13/20.yaml
    sha256: cda928d57b257a5f17bcad796843c9daa674fef47d600dbea3aa7b0e49d64a11
  original: lts-13.20
